
Microsoft Visual Studio Solution File, Format Version 12.00
# Visual Studio 15
VisualStudioVersion = 15.0.28307.136
MinimumVisualStudioVersion = 10.0.40219.1
Project("{FAE04EC0-301F-11D3-BF4B-00C04F79EFBC}") = "Sistema.View", "Sistema.View\Sistema.View.csproj", "{2BC9095F-DFB4-4D9F-A353-26BC758DF575}"
EndProject
Project("{FAE04EC0-301F-11D3-BF4B-00C04F79EFBC}") = "Sistema.Model", "Sistema.Model\Sistema.Model.csproj", "{9FB9C2E3-49FE-4FCE-B490-CAC6B6642373}"
EndProject
Project("{FAE04EC0-301F-11D3-BF4B-00C04F79EFBC}") = "Sistema.DAO", "Sistema.DAO\Sistema.DAO.csproj", "{6E451E09-F91C-44C7-AD4B-77D2BB0275CF}"
EndProject
Project("{FAE04EC0-301F-11D3-BF4B-00C04F79EFBC}") = "Sistema.Entidades", "Sistema.Entidades\Sistema.Entidades.csproj", "{86958A13-7965-4FA2-BE8E-AE8AAAB25D61}"
EndProject
Global
	GlobalSection(SolutionConfigurationPlatforms) = preSolution
		Debug|Any CPU = Debug|Any CPU
		Release|Any CPU = Release|Any CPU
	EndGlobalSection
	GlobalSection(ProjectConfigurationPlatforms) = postSolution
		{2BC9095F-DFB4-4D9F-A353-26BC758DF575}.Debug|Any CPU.ActiveCfg = Debug|Any CPU
		{2BC9095F-DFB4-4D9F-A353-26BC758DF575}.Debug|Any CPU.Build.0 = Debug|Any CPU
		{2BC9095F-DFB4-4D9F-A353-26BC758DF575}.Release|Any CPU.ActiveCfg = Release|Any CPU
		{2BC9095F-DFB4-4D9F-A353-26BC758DF575}.Release|Any CPU.Build.0 = Release|Any CPU
		{9FB9C2E3-49FE-4FCE-B490-CAC6B6642373}.Debug|Any CPU.ActiveCfg = Debug|Any CPU
		{9FB9C2E3-49FE-4FCE-B490-CAC6B6642373}.Debug|Any CPU.Build.0 = Debug|Any CPU
		{9FB9C2E3-49FE-4FCE-B490-CAC6B6642373}.Release|Any CPU.ActiveCfg = Release|Any CPU
		{9FB9C2E3-49FE-4FCE-B490-CAC6B6642373}.Release|Any CPU.Build.0 = Release|Any CPU
		{6E451E09-F91C-44C7-AD4B-77D2BB0275CF}.Debug|Any CPU.ActiveCfg = Debug|Any CPU
		{6E451E09-F91C-44C7-AD4B-77D2BB0275CF}.Debug|Any CPU.Build.0 = Debug|Any CPU
		{6E451E09-F91C-44C7-AD4B-77D2BB0275CF}.Release|Any CPU.ActiveCfg = Release|Any CPU
		{6E451E09-F91C-44C7-AD4B-77D2BB0275CF}.Release|Any CPU.Build.0 = Release|Any CPU
		{86958A13-7965-4FA2-BE8E-AE8AAAB25D61}.Debug|Any CPU.ActiveCfg = Debug|Any CPU
		{86958A13-7965-4FA2-BE8E-AE8AAAB25D61}.Debug|Any CPU.Build.0 = Debug|Any CPU
		{86958A13-7965-4FA2-BE8E-AE8AAAB25D61}.Release|Any CPU.ActiveCfg = Release|Any CPU
		{86958A13-7965-4FA2-BE8E-AE8AAAB25D61}.Release|Any CPU.Build.0 = Release|Any CPU
	EndGlobalSection
	GlobalSection(SolutionProperties) = preSolution
		HideSolutionNode = FALSE
	EndGlobalSection
	GlobalSection(ExtensibilityGlobals) = postSolution
		SolutionGuid = {603CA08F-FD3C-4F6E-9B18-7CBDEFA00B3A}
	EndGlobalSection
EndGlobal
